
Microsoft Visual Studio Solution File, Format Version 12.00
# Visual Studio Version 17
VisualStudioVersion = 17.14.36203.30 d17.14
MinimumVisualStudioVersion = 10.0.40219.1
Project("{FAE04EC0-301F-11D3-BF4B-00C04F79EFBC}") = "SiteProvisioningWebAppClient", "SiteProvisioningWebAppClient\SiteProvisioningWebAppClient.csproj", "{F17DCF14-F3A0-4C10-8FA3-7CC08918FB1A}"
EndProject
Global
	GlobalSection(SolutionConfigurationPlatforms) = preSolution
		Debug|Any CPU = Debug|Any CPU
		Release|Any CPU = Release|Any CPU
	EndGlobalSection
	GlobalSection(ProjectConfigurationPlatforms) = postSolution
		{F17DCF14-F3A0-4C10-8FA3-7CC08918FB1A}.Debug|Any CPU.ActiveCfg = Debug|Any CPU
		{F17DCF14-F3A0-4C10-8FA3-7CC08918FB1A}.Debug|Any CPU.Build.0 = Debug|Any CPU
		{F17DCF14-F3A0-4C10-8FA3-7CC08918FB1A}.Release|Any CPU.ActiveCfg = Release|Any CPU
		{F17DCF14-F3A0-4C10-8FA3-7CC08918FB1A}.Release|Any CPU.Build.0 = Release|Any CPU
	EndGlobalSection
	GlobalSection(SolutionProperties) = preSolution
		HideSolutionNode = FALSE
	EndGlobalSection
	GlobalSection(ExtensibilityGlobals) = postSolution
		SolutionGuid = {21C49B84-B340-46D8-A646-2652FB33D894}
	EndGlobalSection
EndGlobal
